
Microsoft Visual Studio Solution File, Format Version 12.00
# Visual Studio Version 16
VisualStudioVersion = 16.0.29728.190
MinimumVisualStudioVersion = 10.0.40219.1
Project("{8BC9CEB8-8B4A-11D0-8D11-00A0C91BC942}") = "2490_윷놀이", "2490_윷놀이\2490_윷놀이.vcxproj", "{7460203E-EAE7-4CF1-99F0-A05DAC871C72}"
EndProject
Project("{8BC9CEB8-8B4A-11D0-8D11-00A0C91BC942}") = "5585_거스름돈", "5585_거스름돈\5585_거스름돈.vcxproj", "{C7AEB725-3C55-4A8B-BCA1-0B2EAFB84C52}"
EndProject
Project("{8BC9CEB8-8B4A-11D0-8D11-00A0C91BC942}") = "10797_10부제", "10797_10부제\10797_10부제.vcxproj", "{096B6D30-6644-4014-BADE-F6F39C22F4DB}"
EndProject
Project("{8BC9CEB8-8B4A-11D0-8D11-00A0C91BC942}") = "5565_영수증", "5565_영수증\5565_영수증.vcxproj", "{AA8D4A55-B456-4D30-93D8-79AACA98D73A}"
EndProject
Project("{8BC9CEB8-8B4A-11D0-8D11-00A0C91BC942}") = "1764_듣보잡", "1764_듣보잡\1764_듣보잡.vcxproj", "{CA6B3DA0-4A8D-4619-BE18-7EC939688055}"
EndProject
Project("{8BC9CEB8-8B4A-11D0-8D11-00A0C91BC942}") = "10886_0 = not cute, 1 = cute", "10886_0 = not cute, 1 = cute\10886_0 = not cute, 1 = cute.vcxproj", "{B8A77E71-DA71-4827-8036-EE2490966912}"
EndProject
Project("{8BC9CEB8-8B4A-11D0-8D11-00A0C91BC942}") = "5597_과제 안 내신 분", "5597_과제 안 내신 분\5597_과제 안 내신 분.vcxproj", "{89D0D5B1-2734-4474-A075-3C86FA23F29F}"
EndProject
Project("{8BC9CEB8-8B4A-11D0-8D11-00A0C91BC942}") = "10798_세로읽기", "10798_세로읽기\10798_세로읽기.vcxproj", "{26DB2AAA-8493-48DF-B9FD-A03826C5E309}"
EndProject
Project("{8BC9CEB8-8B4A-11D0-8D11-00A0C91BC942}") = "2563_색종이", "2563_색종이\2563_색종이.vcxproj", "{C600321C-5222-411F-B73F-4143A7380C51}"
EndProject
Project("{8BC9CEB8-8B4A-11D0-8D11-00A0C91BC942}") = "2960_에라토스테네스의 체", "2960_에라토스테네스의 체\2960_에라토스테네스의 체.vcxproj", "{9228AC02-23DC-43FF-9719-4BAA2741B563}"
EndProject
Project("{8BC9CEB8-8B4A-11D0-8D11-00A0C91BC942}") = "1798_수들의 합", "1798_수들의 합\1798_수들의 합.vcxproj", "{7B86194C-D8DE-4F6D-A92F-00B8B6734E73}"
EndProject
Project("{8BC9CEB8-8B4A-11D0-8D11-00A0C91BC942}") = "5063_TGN", "5063_TGN\5063_TGN.vcxproj", "{FF9F364D-F33E-4C2B-858C-4A508E33E9C2}"
EndProject
Project("{8BC9CEB8-8B4A-11D0-8D11-00A0C91BC942}") = "5532_방학 숙제", "5532_방학 숙제\5532_방학 숙제.vcxproj", "{176BE64C-C0AC-464E-A971-D5F3EBA1A936}"
EndProject
Project("{8BC9CEB8-8B4A-11D0-8D11-00A0C91BC942}") = "2822_점수 계산", "2822_점수 계산\2822_점수 계산.vcxproj", "{BF83EC46-3D70-4A6E-8EB5-1F3922C13D5C}"
EndProject
Project("{8BC9CEB8-8B4A-11D0-8D11-00A0C91BC942}") = "1159_농구 경기", "1159_농구 경기\1159_농구 경기.vcxproj", "{8795F780-2B68-4FD8-BC25-DE8B393AE69C}"
EndProject
Project("{8BC9CEB8-8B4A-11D0-8D11-00A0C91BC942}") = "5554_심부름 가는 길", "5554_심부름 가는 길\5554_심부름 가는 길.vcxproj", "{EAB1498D-D926-47DE-83D5-4B15F410878D}"
EndProject
Project("{8BC9CEB8-8B4A-11D0-8D11-00A0C91BC942}") = "10707_수도요금", "10707_수도요금\10707_수도요금.vcxproj", "{91BBD465-54CE-4EA2-8EEB-B6BB940F7AB3}"
EndProject
Project("{8BC9CEB8-8B4A-11D0-8D11-00A0C91BC942}") = "5569_시험점수", "5569_시험점수\5569_시험점수.vcxproj", "{B4ECFAC6-DA35-4B82-9266-F22495E47418}"
EndProject
Project("{8BC9CEB8-8B4A-11D0-8D11-00A0C91BC942}") = "8979_올림픽", "8979_올림픽\8979_올림픽.vcxproj", "{3F5FE469-2CBF-49CC-BF08-EAFCEFD61880}"
EndProject
Project("{8BC9CEB8-8B4A-11D0-8D11-00A0C91BC942}") = "2935_소음", "2935_소음\2935_소음.vcxproj", "{FF8FFD81-C027-4963-816A-ABFD7E2AD362}"
EndProject
Project("{8BC9CEB8-8B4A-11D0-8D11-00A0C91BC942}") = "5567_결혼식", "5567_결혼식\5567_결혼식.vcxproj", "{CCFE1A0E-8482-4E98-A2B2-76D381A88C7C}"
EndProject
Project("{8BC9CEB8-8B4A-11D0-8D11-00A0C91BC942}") = "5576_콘테스트", "5576_콘테스트\5576_콘테스트.vcxproj", "{A00F8C60-D111-4E27-AE0D-04E863EE8C22}"
EndProject
Project("{8BC9CEB8-8B4A-11D0-8D11-00A0C91BC942}") = "실전코테3장_상하좌우", "실전코테3장_상하좌우\실전코테3장_상하좌우.vcxproj", "{9A03E9EA-7D58-427F-B56B-D31F7A755E13}"
EndProject
Project("{8BC9CEB8-8B4A-11D0-8D11-00A0C91BC942}") = "실전코테3장_게임 개발", "실전코테3장_게임 개발\실전코테3장_게임 개발.vcxproj", "{EEBE1A76-40E2-4591-85FE-3CBDEDC965E8}"
EndProject
Project("{8BC9CEB8-8B4A-11D0-8D11-00A0C91BC942}") = "1475_방 번호", "1475_방 번호\1475_방 번호.vcxproj", "{6F0D5269-0B8B-4CDF-BAEB-E68CEF595E5C}"
EndProject
Global
	GlobalSection(SolutionConfigurationPlatforms) = preSolution
		Debug|x64 = Debug|x64
		Debug|x86 = Debug|x86
		Release|x64 = Release|x64
		Release|x86 = Release|x86
	EndGlobalSection
	GlobalSection(ProjectConfigurationPlatforms) = postSolution
		{7460203E-EAE7-4CF1-99F0-A05DAC871C72}.Debug|x64.ActiveCfg = Debug|x64
		{7460203E-EAE7-4CF1-99F0-A05DAC871C72}.Debug|x64.Build.0 = Debug|x64
		{7460203E-EAE7-4CF1-99F0-A05DAC871C72}.Debug|x86.ActiveCfg = Debug|Win32
		{7460203E-EAE7-4CF1-99F0-A05DAC871C72}.Debug|x86.Build.0 = Debug|Win32
		{7460203E-EAE7-4CF1-99F0-A05DAC871C72}.Release|x64.ActiveCfg = Release|x64
		{7460203E-EAE7-4CF1-99F0-A05DAC871C72}.Release|x64.Build.0 = Release|x64
		{7460203E-EAE7-4CF1-99F0-A05DAC871C72}.Release|x86.ActiveCfg = Release|Win32
		{7460203E-EAE7-4CF1-99F0-A05DAC871C72}.Release|x86.Build.0 = Release|Win32
		{C7AEB725-3C55-4A8B-BCA1-0B2EAFB84C52}.Debug|x64.ActiveCfg = Debug|x64
		{C7AEB725-3C55-4A8B-BCA1-0B2EAFB84C52}.Debug|x64.Build.0 = Debug|x64
		{C7AEB725-3C55-4A8B-BCA1-0B2EAFB84C52}.Debug|x86.ActiveCfg = Debug|Win32
		{C7AEB725-3C55-4A8B-BCA1-0B2EAFB84C52}.Debug|x86.Build.0 = Debug|Win32
		{C7AEB725-3C55-4A8B-BCA1-0B2EAFB84C52}.Release|x64.ActiveCfg = Release|x64
		{C7AEB725-3C55-4A8B-BCA1-0B2EAFB84C52}.Release|x64.Build.0 = Release|x64
		{C7AEB725-3C55-4A8B-BCA1-0B2EAFB84C52}.Release|x86.ActiveCfg = Release|Win32
		{C7AEB725-3C55-4A8B-BCA1-0B2EAFB84C52}.Release|x86.Build.0 = Release|Win32
		{096B6D30-6644-4014-BADE-F6F39C22F4DB}.Debug|x64.ActiveCfg = Debug|x64
		{096B6D30-6644-4014-BADE-F6F39C22F4DB}.Debug|x64.Build.0 = Debug|x64
		{096B6D30-6644-4014-BADE-F6F39C22F4DB}.Debug|x86.ActiveCfg = Debug|Win32
		{096B6D30-6644-4014-BADE-F6F39C22F4DB}.Debug|x86.Build.0 = Debug|Win32
		{096B6D30-6644-4014-BADE-F6F39C22F4DB}.Release|x64.ActiveCfg = Release|x64
		{096B6D30-6644-4014-BADE-F6F39C22F4DB}.Release|x64.Build.0 = Release|x64
		{096B6D30-6644-4014-BADE-F6F39C22F4DB}.Release|x86.ActiveCfg = Release|Win32
		{096B6D30-6644-4014-BADE-F6F39C22F4DB}.Release|x86.Build.0 = Release|Win32
		{AA8D4A55-B456-4D30-93D8-79AACA98D73A}.Debug|x64.ActiveCfg = Debug|x64
		{AA8D4A55-B456-4D30-93D8-79AACA98D73A}.Debug|x64.Build.0 = Debug|x64
		{AA8D4A55-B456-4D30-93D8-79AACA98D73A}.Debug|x86.ActiveCfg = Debug|Win32
		{AA8D4A55-B456-4D30-93D8-79AACA98D73A}.Debug|x86.Build.0 = Debug|Win32
		{AA8D4A55-B456-4D30-93D8-79AACA98D73A}.Release|x64.ActiveCfg = Release|x64
		{AA8D4A55-B456-4D30-93D8-79AACA98D73A}.Release|x64.Build.0 = Release|x64
		{AA8D4A55-B456-4D30-93D8-79AACA98D73A}.Release|x86.ActiveCfg = Release|Win32
		{AA8D4A55-B456-4D30-93D8-79AACA98D73A}.Release|x86.Build.0 = Release|Win32
		{CA6B3DA0-4A8D-4619-BE18-7EC939688055}.Debug|x64.ActiveCfg = Debug|x64
		{CA6B3DA0-4A8D-4619-BE18-7EC939688055}.Debug|x64.Build.0 = Debug|x64
		{CA6B3DA0-4A8D-4619-BE18-7EC939688055}.Debug|x86.ActiveCfg = Debug|Win32
		{CA6B3DA0-4A8D-4619-BE18-7EC939688055}.Debug|x86.Build.0 = Debug|Win32
		{CA6B3DA0-4A8D-4619-BE18-7EC939688055}.Release|x64.ActiveCfg = Release|x64
		{CA6B3DA0-4A8D-4619-BE18-7EC939688055}.Release|x64.Build.0 = Release|x64
		{CA6B3DA0-4A8D-4619-BE18-7EC939688055}.Release|x86.ActiveCfg = Release|Win32
		{CA6B3DA0-4A8D-4619-BE18-7EC939688055}.Release|x86.Build.0 = Release|Win32
		{B8A77E71-DA71-4827-8036-EE2490966912}.Debug|x64.ActiveCfg = Debug|x64
		{B8A77E71-DA71-4827-8036-EE2490966912}.Debug|x64.Build.0 = Debug|x64
		{B8A77E71-DA71-4827-8036-EE2490966912}.Debug|x86.ActiveCfg = Debug|Win32
		{B8A77E71-DA71-4827-8036-EE2490966912}.Debug|x86.Build.0 = Debug|Win32
		{B8A77E71-DA71-4827-8036-EE2490966912}.Release|x64.ActiveCfg = Release|x64
		{B8A77E71-DA71-4827-8036-EE2490966912}.Release|x64.Build.0 = Release|x64
		{B8A77E71-DA71-4827-8036-EE2490966912}.Release|x86.ActiveCfg = Release|Win32
		{B8A77E71-DA71-4827-8036-EE2490966912}.Release|x86.Build.0 = Release|Win32
		{89D0D5B1-2734-4474-A075-3C86FA23F29F}.Debug|x64.ActiveCfg = Debug|x64
		{89D0D5B1-2734-4474-A075-3C86FA23F29F}.Debug|x64.Build.0 = Debug|x64
		{89D0D5B1-2734-4474-A075-3C86FA23F29F}.Debug|x86.ActiveCfg = Debug|Win32
		{89D0D5B1-2734-4474-A075-3C86FA23F29F}.Debug|x86.Build.0 = Debug|Win32
		{89D0D5B1-2734-4474-A075-3C86FA23F29F}.Release|x64.ActiveCfg = Release|x64
		{89D0D5B1-2734-4474-A075-3C86FA23F29F}.Release|x64.Build.0 = Release|x64
		{89D0D5B1-2734-4474-A075-3C86FA23F29F}.Release|x86.ActiveCfg = Release|Win32
		{89D0D5B1-2734-4474-A075-3C86FA23F29F}.Release|x86.Build.0 = Release|Win32
		{26DB2AAA-8493-48DF-B9FD-A03826C5E309}.Debug|x64.ActiveCfg = Debug|x64
		{26DB2AAA-8493-48DF-B9FD-A03826C5E309}.Debug|x64.Build.0 = Debug|x64
		{26DB2AAA-8493-48DF-B9FD-A03826C5E309}.Debug|x86.ActiveCfg = Debug|Win32
		{26DB2AAA-8493-48DF-B9FD-A03826C5E309}.Debug|x86.Build.0 = Debug|Win32
		{26DB2AAA-8493-48DF-B9FD-A03826C5E309}.Release|x64.ActiveCfg = Release|x64
		{26DB2AAA-8493-48DF-B9FD-A03826C5E309}.Release|x64.Build.0 = Release|x64
		{26DB2AAA-8493-48DF-B9FD-A03826C5E309}.Release|x86.ActiveCfg = Release|Win32
		{26DB2AAA-8493-48DF-B9FD-A03826C5E309}.Release|x86.Build.0 = Release|Win32
		{C600321C-5222-411F-B73F-4143A7380C51}.Debug|x64.ActiveCfg = Debug|x64
		{C600321C-5222-411F-B73F-4143A7380C51}.Debug|x64.Build.0 = Debug|x64
		{C600321C-5222-411F-B73F-4143A7380C51}.Debug|x86.ActiveCfg = Debug|Win32
		{C600321C-5222-411F-B73F-4143A7380C51}.Debug|x86.Build.0 = Debug|Win32
		{C600321C-5222-411F-B73F-4143A7380C51}.Release|x64.ActiveCfg = Release|x64
		{C600321C-5222-411F-B73F-4143A7380C51}.Release|x64.Build.0 = Release|x64
		{C600321C-5222-411F-B73F-4143A7380C51}.Release|x86.ActiveCfg = Release|Win32
		{C600321C-5222-411F-B73F-4143A7380C51}.Release|x86.Build.0 = Release|Win32
		{9228AC02-23DC-43FF-9719-4BAA2741B563}.Debug|x64.ActiveCfg = Debug|x64
		{9228AC02-23DC-43FF-9719-4BAA2741B563}.Debug|x64.Build.0 = Debug|x64
		{9228AC02-23DC-43FF-9719-4BAA2741B563}.Debug|x86.ActiveCfg = Debug|Win32
		{9228AC02-23DC-43FF-9719-4BAA2741B563}.Debug|x86.Build.0 = Debug|Win32
		{9228AC02-23DC-43FF-9719-4BAA2741B563}.Release|x64.ActiveCfg = Release|x64
		{9228AC02-23DC-43FF-9719-4BAA2741B563}.Release|x64.Build.0 = Release|x64
		{9228AC02-23DC-43FF-9719-4BAA2741B563}.Release|x86.ActiveCfg = Release|Win32
		{9228AC02-23DC-43FF-9719-4BAA2741B563}.Release|x86.Build.0 = Release|Win32
		{7B86194C-D8DE-4F6D-A92F-00B8B6734E73}.Debug|x64.ActiveCfg = Debug|x64
		{7B86194C-D8DE-4F6D-A92F-00B8B6734E73}.Debug|x64.Build.0 = Debug|x64
		{7B86194C-D8DE-4F6D-A92F-00B8B6734E73}.Debug|x86.ActiveCfg = Debug|Win32
		{7B86194C-D8DE-4F6D-A92F-00B8B6734E73}.Debug|x86.Build.0 = Debug|Win32
		{7B86194C-D8DE-4F6D-A92F-00B8B6734E73}.Release|x64.ActiveCfg = Release|x64
		{7B86194C-D8DE-4F6D-A92F-00B8B6734E73}.Release|x64.Build.0 = Release|x64
		{7B86194C-D8DE-4F6D-A92F-00B8B6734E73}.Release|x86.ActiveCfg = Release|Win32
		{7B86194C-D8DE-4F6D-A92F-00B8B6734E73}.Release|x86.Build.0 = Release|Win32
		{FF9F364D-F33E-4C2B-858C-4A508E33E9C2}.Debug|x64.ActiveCfg = Debug|x64
		{FF9F364D-F33E-4C2B-858C-4A508E33E9C2}.Debug|x64.Build.0 = Debug|x64
		{FF9F364D-F33E-4C2B-858C-4A508E33E9C2}.Debug|x86.ActiveCfg = Debug|Win32
		{FF9F364D-F33E-4C2B-858C-4A508E33E9C2}.Debug|x86.Build.0 = Debug|Win32
		{FF9F364D-F33E-4C2B-858C-4A508E33E9C2}.Release|x64.ActiveCfg = Release|x64
		{FF9F364D-F33E-4C2B-858C-4A508E33E9C2}.Release|x64.Build.0 = Release|x64
		{FF9F364D-F33E-4C2B-858C-4A508E33E9C2}.Release|x86.ActiveCfg = Release|Win32
		{FF9F364D-F33E-4C2B-858C-4A508E33E9C2}.Release|x86.Build.0 = Release|Win32
		{176BE64C-C0AC-464E-A971-D5F3EBA1A936}.Debug|x64.ActiveCfg = Debug|x64
		{176BE64C-C0AC-464E-A971-D5F3EBA1A936}.Debug|x64.Build.0 = Debug|x64
		{176BE64C-C0AC-464E-A971-D5F3EBA1A936}.Debug|x86.ActiveCfg = Debug|Win32
		{176BE64C-C0AC-464E-A971-D5F3EBA1A936}.Debug|x86.Build.0 = Debug|Win32
		{176BE64C-C0AC-464E-A971-D5F3EBA1A936}.Release|x64.ActiveCfg = Release|x64
		{176BE64C-C0AC-464E-A971-D5F3EBA1A936}.Release|x64.Build.0 = Release|x64
		{176BE64C-C0AC-464E-A971-D5F3EBA1A936}.Release|x86.ActiveCfg = Release|Win32
		{176BE64C-C0AC-464E-A971-D5F3EBA1A936}.Release|x86.Build.0 = Release|Win32
		{BF83EC46-3D70-4A6E-8EB5-1F3922C13D5C}.Debug|x64.ActiveCfg = Debug|x64
		{BF83EC46-3D70-4A6E-8EB5-1F3922C13D5C}.Debug|x64.Build.0 = Debug|x64
		{BF83EC46-3D70-4A6E-8EB5-1F3922C13D5C}.Debug|x86.ActiveCfg = Debug|Win32
		{BF83EC46-3D70-4A6E-8EB5-1F3922C13D5C}.Debug|x86.Build.0 = Debug|Win32
		{BF83EC46-3D70-4A6E-8EB5-1F3922C13D5C}.Release|x64.ActiveCfg = Release|x64
		{BF83EC46-3D70-4A6E-8EB5-1F3922C13D5C}.Release|x64.Build.0 = Release|x64
		{BF83EC46-3D70-4A6E-8EB5-1F3922C13D5C}.Release|x86.ActiveCfg = Release|Win32
		{BF83EC46-3D70-4A6E-8EB5-1F3922C13D5C}.Release|x86.Build.0 = Release|Win32
		{8795F780-2B68-4FD8-BC25-DE8B393AE69C}.Debug|x64.ActiveCfg = Debug|x64
		{8795F780-2B68-4FD8-BC25-DE8B393AE69C}.Debug|x64.Build.0 = Debug|x64
		{8795F780-2B68-4FD8-BC25-DE8B393AE69C}.Debug|x86.ActiveCfg = Debug|Win32
		{8795F780-2B68-4FD8-BC25-DE8B393AE69C}.Debug|x86.Build.0 = Debug|Win32
		{8795F780-2B68-4FD8-BC25-DE8B393AE69C}.Release|x64.ActiveCfg = Release|x64
		{8795F780-2B68-4FD8-BC25-DE8B393AE69C}.Release|x64.Build.0 = Release|x64
		{8795F780-2B68-4FD8-BC25-DE8B393AE69C}.Release|x86.ActiveCfg = Release|Win32
		{8795F780-2B68-4FD8-BC25-DE8B393AE69C}.Release|x86.Build.0 = Release|Win32
		{EAB1498D-D926-47DE-83D5-4B15F410878D}.Debug|x64.ActiveCfg = Debug|x64
		{EAB1498D-D926-47DE-83D5-4B15F410878D}.Debug|x64.Build.0 = Debug|x64
		{EAB1498D-D926-47DE-83D5-4B15F410878D}.Debug|x86.ActiveCfg = Debug|Win32
		{EAB1498D-D926-47DE-83D5-4B15F410878D}.Debug|x86.Build.0 = Debug|Win32
		{EAB1498D-D926-47DE-83D5-4B15F410878D}.Release|x64.ActiveCfg = Release|x64
		{EAB1498D-D926-47DE-83D5-4B15F410878D}.Release|x64.Build.0 = Release|x64
		{EAB1498D-D926-47DE-83D5-4B15F410878D}.Release|x86.ActiveCfg = Release|Win32
		{EAB1498D-D926-47DE-83D5-4B15F410878D}.Release|x86.Build.0 = Release|Win32
		{91BBD465-54CE-4EA2-8EEB-B6BB940F7AB3}.Debug|x64.ActiveCfg = Debug|x64
		{91BBD465-54CE-4EA2-8EEB-B6BB940F7AB3}.Debug|x64.Build.0 = Debug|x64
		{91BBD465-54CE-4EA2-8EEB-B6BB940F7AB3}.Debug|x86.ActiveCfg = Debug|Win32
		{91BBD465-54CE-4EA2-8EEB-B6BB940F7AB3}.Debug|x86.Build.0 = Debug|Win32
		{91BBD465-54CE-4EA2-8EEB-B6BB940F7AB3}.Release|x64.ActiveCfg = Release|x64
		{91BBD465-54CE-4EA2-8EEB-B6BB940F7AB3}.Release|x64.Build.0 = Release|x64
		{91BBD465-54CE-4EA2-8EEB-B6BB940F7AB3}.Release|x86.ActiveCfg = Release|Win32
		{91BBD465-54CE-4EA2-8EEB-B6BB940F7AB3}.Release|x86.Build.0 = Release|Win32
		{B4ECFAC6-DA35-4B82-9266-F22495E47418}.Debug|x64.ActiveCfg = Debug|x64
		{B4ECFAC6-DA35-4B82-9266-F22495E47418}.Debug|x64.Build.0 = Debug|x64
		{B4ECFAC6-DA35-4B82-9266-F22495E47418}.Debug|x86.ActiveCfg = Debug|Win32
		{B4ECFAC6-DA35-4B82-9266-F22495E47418}.Debug|x86.Build.0 = Debug|Win32
		{B4ECFAC6-DA35-4B82-9266-F22495E47418}.Release|x64.ActiveCfg = Release|x64
		{B4ECFAC6-DA35-4B82-9266-F22495E47418}.Release|x64.Build.0 = Release|x64
		{B4ECFAC6-DA35-4B82-9266-F22495E47418}.Release|x86.ActiveCfg = Release|Win32
		{B4ECFAC6-DA35-4B82-9266-F22495E47418}.Release|x86.Build.0 = Release|Win32
		{3F5FE469-2CBF-49CC-BF08-EAFCEFD61880}.Debug|x64.ActiveCfg = Debug|x64
		{3F5FE469-2CBF-49CC-BF08-EAFCEFD61880}.Debug|x64.Build.0 = Debug|x64
		{3F5FE469-2CBF-49CC-BF08-EAFCEFD61880}.Debug|x86.ActiveCfg = Debug|Win32
		{3F5FE469-2CBF-49CC-BF08-EAFCEFD61880}.Debug|x86.Build.0 = Debug|Win32
		{3F5FE469-2CBF-49CC-BF08-EAFCEFD61880}.Release|x64.ActiveCfg = Release|x64
		{3F5FE469-2CBF-49CC-BF08-EAFCEFD61880}.Release|x64.Build.0 = Release|x64
		{3F5FE469-2CBF-49CC-BF08-EAFCEFD61880}.Release|x86.ActiveCfg = Release|Win32
		{3F5FE469-2CBF-49CC-BF08-EAFCEFD61880}.Release|x86.Build.0 = Release|Win32
		{FF8FFD81-C027-4963-816A-ABFD7E2AD362}.Debug|x64.ActiveCfg = Debug|x64
		{FF8FFD81-C027-4963-816A-ABFD7E2AD362}.Debug|x64.Build.0 = Debug|x64
		{FF8FFD81-C027-4963-816A-ABFD7E2AD362}.Debug|x86.ActiveCfg = Debug|Win32
		{FF8FFD81-C027-4963-816A-ABFD7E2AD362}.Debug|x86.Build.0 = Debug|Win32
		{FF8FFD81-C027-4963-816A-ABFD7E2AD362}.Release|x64.ActiveCfg = Release|x64
		{FF8FFD81-C027-4963-816A-ABFD7E2AD362}.Release|x64.Build.0 = Release|x64
		{FF8FFD81-C027-4963-816A-ABFD7E2AD362}.Release|x86.ActiveCfg = Release|Win32
		{FF8FFD81-C027-4963-816A-ABFD7E2AD362}.Release|x86.Build.0 = Release|Win32
		{CCFE1A0E-8482-4E98-A2B2-76D381A88C7C}.Debug|x64.ActiveCfg = Debug|x64
		{CCFE1A0E-8482-4E98-A2B2-76D381A88C7C}.Debug|x64.Build.0 = Debug|x64
		{CCFE1A0E-8482-4E98-A2B2-76D381A88C7C}.Debug|x86.ActiveCfg = Debug|Win32
		{CCFE1A0E-8482-4E98-A2B2-76D381A88C7C}.Debug|x86.Build.0 = Debug|Win32
		{CCFE1A0E-8482-4E98-A2B2-76D381A88C7C}.Release|x64.ActiveCfg = Release|x64
		{CCFE1A0E-8482-4E98-A2B2-76D381A88C7C}.Release|x64.Build.0 = Release|x64
		{CCFE1A0E-8482-4E98-A2B2-76D381A88C7C}.Release|x86.ActiveCfg = Release|Win32
		{CCFE1A0E-8482-4E98-A2B2-76D381A88C7C}.Release|x86.Build.0 = Release|Win32
		{A00F8C60-D111-4E27-AE0D-04E863EE8C22}.Debug|x64.ActiveCfg = Debug|x64
		{A00F8C60-D111-4E27-AE0D-04E863EE8C22}.Debug|x64.Build.0 = Debug|x64
		{A00F8C60-D111-4E27-AE0D-04E863EE8C22}.Debug|x86.ActiveCfg = Debug|Win32
		{A00F8C60-D111-4E27-AE0D-04E863EE8C22}.Debug|x86.Build.0 = Debug|Win32
		{A00F8C60-D111-4E27-AE0D-04E863EE8C22}.Release|x64.ActiveCfg = Release|x64
		{A00F8C60-D111-4E27-AE0D-04E863EE8C22}.Release|x64.Build.0 = Release|x64
		{A00F8C60-D111-4E27-AE0D-04E863EE8C22}.Release|x86.ActiveCfg = Release|Win32
		{A00F8C60-D111-4E27-AE0D-04E863EE8C22}.Release|x86.Build.0 = Release|Win32
		{9A03E9EA-7D58-427F-B56B-D31F7A755E13}.Debug|x64.ActiveCfg = Debug|x64
		{9A03E9EA-7D58-427F-B56B-D31F7A755E13}.Debug|x64.Build.0 = Debug|x64
		{9A03E9EA-7D58-427F-B56B-D31F7A755E13}.Debug|x86.ActiveCfg = Debug|Win32
		{9A03E9EA-7D58-427F-B56B-D31F7A755E13}.Debug|x86.Build.0 = Debug|Win32
		{9A03E9EA-7D58-427F-B56B-D31F7A755E13}.Release|x64.ActiveCfg = Release|x64
		{9A03E9EA-7D58-427F-B56B-D31F7A755E13}.Release|x64.Build.0 = Release|x64
		{9A03E9EA-7D58-427F-B56B-D31F7A755E13}.Release|x86.ActiveCfg = Release|Win32
		{9A03E9EA-7D58-427F-B56B-D31F7A755E13}.Release|x86.Build.0 = Release|Win32
		{EEBE1A76-40E2-4591-85FE-3CBDEDC965E8}.Debug|x64.ActiveCfg = Debug|x64
		{EEBE1A76-40E2-4591-85FE-3CBDEDC965E8}.Debug|x64.Build.0 = Debug|x64
		{EEBE1A76-40E2-4591-85FE-3CBDEDC965E8}.Debug|x86.ActiveCfg = Debug|Win32
		{EEBE1A76-40E2-4591-85FE-3CBDEDC965E8}.Debug|x86.Build.0 = Debug|Win32
		{EEBE1A76-40E2-4591-85FE-3CBDEDC965E8}.Release|x64.ActiveCfg = Release|x64
		{EEBE1A76-40E2-4591-85FE-3CBDEDC965E8}.Release|x64.Build.0 = Release|x64
		{EEBE1A76-40E2-4591-85FE-3CBDEDC965E8}.Release|x86.ActiveCfg = Release|Win32
		{EEBE1A76-40E2-4591-85FE-3CBDEDC965E8}.Release|x86.Build.0 = Release|Win32
		{6F0D5269-0B8B-4CDF-BAEB-E68CEF595E5C}.Debug|x64.ActiveCfg = Debug|x64
		{6F0D5269-0B8B-4CDF-BAEB-E68CEF595E5C}.Debug|x64.Build.0 = Debug|x64
		{6F0D5269-0B8B-4CDF-BAEB-E68CEF595E5C}.Debug|x86.ActiveCfg = Debug|Win32
		{6F0D5269-0B8B-4CDF-BAEB-E68CEF595E5C}.Debug|x86.Build.0 = Debug|Win32
		{6F0D5269-0B8B-4CDF-BAEB-E68CEF595E5C}.Release|x64.ActiveCfg = Release|x64
		{6F0D5269-0B8B-4CDF-BAEB-E68CEF595E5C}.Release|x64.Build.0 = Release|x64
		{6F0D5269-0B8B-4CDF-BAEB-E68CEF595E5C}.Release|x86.ActiveCfg = Release|Win32
		{6F0D5269-0B8B-4CDF-BAEB-E68CEF595E5C}.Release|x86.Build.0 = Release|Win32
	EndGlobalSection
	GlobalSection(SolutionProperties) = preSolution
		HideSolutionNode = FALSE
	EndGlobalSection
	GlobalSection(ExtensibilityGlobals) = postSolution
		SolutionGuid = {94F894B4-CE96-4062-B750-61B57DDF7A29}
	EndGlobalSection
EndGlobal
